attrs==26.1.0
delta-spark==3.3.2
importlib_metadata==9.0.1
iniconfig==2.3.0
jsonschema==4.25.1
jsonschema-specifications==2025.9.1
kafka-python==2.2.15
packaging==26.3
pluggy==1.6.0
py4j==0.10.9.9
Pygments==2.21.0
pyspark==3.5.8
pytest==8.4.2
referencing==0.37.0
rfc3339-validator==0.1.4
rpds-py==2026.6.3
ruff==0.13.2
six==1.17.0
typing_extensions==4.16.0
zipp==4.1.0
